// !$*UTF8*$!
{
	archiveVersion = 1;
	classes = {
	};
	objectVersion = 77;
	objects = {

/* Begin PBXContainerItemProxy section */
		E7D161C62D73BF8B00B33FF7 /* PBXContainerItemProxy */ = {
			isa = PBXContainerItemProxy;
			containerPortal = E7D161A72D73BF8900B33FF7 /* Project object */;
			proxyType = 1;
			remoteGlobalIDString = E7D161AE2D73BF8900B33FF7;
			remoteInfo = "Lab: Tutorial Screen";
		};
		E7D161D02D73BF8B00B33FF7 /* PBXContainerItemProxy */ = {
			isa = PBXContainerItemProxy;
			containerPortal = E7D161A72D73BF8900B33FF7 /* Project object */;
			proxyType = 1;
			remoteGlobalIDString = E7D161AE2D73BF8900B33FF7;
			remoteInfo = "Lab: Tutorial Screen";
		};
/* End PBXContainerItemProxy section */

/* Begin PBXFileReference section */
		E7D161AF2D73BF8900B33FF7 /* Lab: Tutorial Screen.app */ = {isa = PBXFileReference; explicitFileType = wrapper.application; includeInIndex = 0; path = "Lab: Tutorial Screen.app"; sourceTree = BUILT_PRODUCTS_DIR; };
		E7D161C52D73BF8B00B33FF7 /* Lab: Tutorial ScreenTests.xctest */ = {isa = PBXFileReference; explicitFileType = wrapper.cfbundle; includeInIndex = 0; path = "Lab: Tutorial ScreenTests.xctest"; sourceTree = BUILT_PRODUCTS_DIR; };
		E7D161CF2D73BF8B00B33FF7 /* Lab: Tutorial ScreenUITests.xctest */ = {isa = PBXFileReference; explicitFileType = wrapper.cfbundle; includeInIndex = 0; path = "Lab: Tutorial ScreenUITests.xctest"; sourceTree = BUILT_PRODUCTS_DIR; };
/* End PBXFileReference section */

/* Begin PBXFileSystemSynchronizedBuildFileExceptionSet section */
		E7D161D72D73BF8B00B33FF7 /* Exceptions for "Lab: Tutorial Screen" folder in "Lab: Tutorial Screen" target */ = {
			isa = PBXFileSystemSynchronizedBuildFileExceptionSet;
			membershipExceptions = (
				Info.plist,
			);
			target = E7D161AE2D73BF8900B33FF7 /* Lab: Tutorial Screen */;
		};
/* End PBXFileSystemSynchronizedBuildFileExceptionSet section */

/* Begin PBXFileSystemSynchronizedRootGroup section */
		E7D161B12D73BF8900B33FF7 /* Lab: Tutorial Screen */ = {
			isa = PBXFileSystemSynchronizedRootGroup;
			exceptions = (
				E7D161D72D73BF8B00B33FF7 /* Exceptions for "Lab: Tutorial Screen" folder in "Lab: Tutorial Screen" target */,
			);
			path = "Lab: Tutorial Screen";
			sourceTree = "<group>";
		};
		E7D161C82D73BF8B00B33FF7 /* Lab: Tutorial ScreenTests */ = {
			isa = PBXFileSystemSynchronizedRootGroup;
			path = "Lab: Tutorial ScreenTests";
			sourceTree = "<group>";
		};
		E7D161D22D73BF8B00B33FF7 /* Lab: Tutorial ScreenUITests */ = {
			isa = PBXFileSystemSynchronizedRootGroup;
			path = "Lab: Tutorial ScreenUITests";
			sourceTree = "<group>";
		};
/* End PBXFileSystemSynchronizedRootGroup section */

/* Begin PBXFrameworksBuildPhase section */
		E7D161AC2D73BF8900B33FF7 /* Frameworks */ = {
			isa = PBXFrameworksBuildPhase;
			buildActionMask = 2147483647;
			files = (
			);
			runOnlyForDeploymentPostprocessing = 0;
		};
		E7D161C22D73BF8B00B33FF7 /* Frameworks */ = {
			isa = PBXFrameworksBuildPhase;
			buildActionMask = 2147483647;
			files = (
			);
			runOnlyForDeploymentPostprocessing = 0;
		};
		E7D161CC2D73BF8B00B33FF7 /* Frameworks */ = {
			isa = PBXFrameworksBuildPhase;
			buildActionMask = 2147483647;
			files = (
			);
			runOnlyForDeploymentPostprocessing = 0;
		};
/* End PBXFrameworksBuildPhase section */

/* Begin PBXGroup section */
		E7D161A62D73BF8900B33FF7 = {
			isa = PBXGroup;
			children = (
				E7D161B12D73BF8900B33FF7 /* Lab: Tutorial Screen */,
				E7D161C82D73BF8B00B33FF7 /* Lab: Tutorial ScreenTests */,
				E7D161D22D73BF8B00B33FF7 /* Lab: Tutorial ScreenUITests */,
				E7D161B02D73BF8900B33FF7 /* Products */,
			);
			sourceTree = "<group>";
		};
		E7D161B02D73BF8900B33FF7 /* Products */ = {
			isa = PBXGroup;
			children = (
				E7D161AF2D73BF8900B33FF7 /* Lab: Tutorial Screen.app */,
				E7D161C52D73BF8B00B33FF7 /* Lab: Tutorial ScreenTests.xctest */,
				E7D161CF2D73BF8B00B33FF7 /* Lab: Tutorial ScreenUITests.xctest */,
			);
			name = Products;
			sourceTree = "<group>";
		};
/* End PBXGroup section */

/* Begin PBXNativeTarget section */
		E7D161AE2D73BF8900B33FF7 /* Lab: Tutorial Screen */ = {
			isa = PBXNativeTarget;
			buildConfigurationList = E7D161D82D73BF8B00B33FF7 /* Build configuration list for PBXNativeTarget "Lab: Tutorial Screen" */;
			buildPhases = (
				E7D161AB2D73BF8900B33FF7 /* Sources */,
				E7D161AC2D73BF8900B33FF7 /* Frameworks */,
				E7D161AD2D73BF8900B33FF7 /* Resources */,
			);
			buildRules = (
			);
			dependencies = (
			);
			fileSystemSynchronizedGroups = (
				E7D161B12D73BF8900B33FF7 /* Lab: Tutorial Screen */,
			);
			name = "Lab: Tutorial Screen";
			packageProductDependencies = (
			);
			productName = "Lab: Tutorial Screen";
			productReference = E7D161AF2D73BF8900B33FF7 /* Lab: Tutorial Screen.app */;
			productType = "com.apple.product-type.application";
		};
		E7D161C42D73BF8B00B33FF7 /* Lab: Tutorial ScreenTests */ = {
			isa = PBXNativeTarget;
			buildConfigurationList = E7D161DD2D73BF8B00B33FF7 /* Build configuration list for PBXNativeTarget "Lab: Tutorial ScreenTests" */;
			buildPhases = (
				E7D161C12D73BF8B00B33FF7 /* Sources */,
				E7D161C22D73BF8B00B33FF7 /* Frameworks */,
				E7D161C32D73BF8B00B33FF7 /* Resources */,
			);
			buildRules = (
			);
			dependencies = (
				E7D161C72D73BF8B00B33FF7 /* PBXTargetDependency */,
			);
			fileSystemSynchronizedGroups = (
				E7D161C82D73BF8B00B33FF7 /* Lab: Tutorial ScreenTests */,
			);
			name = "Lab: Tutorial ScreenTests";
			packageProductDependencies = (
			);
			productName = "Lab: Tutorial ScreenTests";
			productReference = E7D161C52D73BF8B00B33FF7 /* Lab: Tutorial ScreenTests.xctest */;
			productType = "com.apple.product-type.bundle.unit-test";
		};
		E7D161CE2D73BF8B00B33FF7 /* Lab: Tutorial ScreenUITests */ = {
			isa = PBXNativeTarget;
			buildConfigurationList = E7D161E02D73BF8B00B33FF7 /* Build configuration list for PBXNativeTarget "Lab: Tutorial ScreenUITests" */;
			buildPhases = (
				E7D161CB2D73BF8B00B33FF7 /* Sources */,
				E7D161CC2D73BF8B00B33FF7 /* Frameworks */,
				E7D161CD2D73BF8B00B33FF7 /* Resources */,
			);
			buildRules = (
			);
			dependencies = (
				E7D161D12D73BF8B00B33FF7 /* PBXTargetDependency */,
			);
			fileSystemSynchronizedGroups = (
				E7D161D22D73BF8B00B33FF7 /* Lab: Tutorial ScreenUITests */,
			);
			name = "Lab: Tutorial ScreenUITests";
			packageProductDependencies = (
			);
			productName = "Lab: Tutorial ScreenUITests";
			productReference = E7D161CF2D73BF8B00B33FF7 /* Lab: Tutorial ScreenUITests.xctest */;
			productType = "com.apple.product-type.bundle.ui-testing";
		};
/* End PBXNativeTarget section */

/* Begin PBXProject section */
		E7D161A72D73BF8900B33FF7 /* Project object */ = {
			isa = PBXProject;
			attributes = {
				BuildIndependentTargetsInParallel = 1;
				LastSwiftUpdateCheck = 1620;
				LastUpgradeCheck = 1620;
				TargetAttributes = {
					E7D161AE2D73BF8900B33FF7 = {
						CreatedOnToolsVersion = 16.2;
					};
					E7D161C42D73BF8B00B33FF7 = {
						CreatedOnToolsVersion = 16.2;
						TestTargetID = E7D161AE2D73BF8900B33FF7;
					};
					E7D161CE2D73BF8B00B33FF7 = {
						CreatedOnToolsVersion = 16.2;
						TestTargetID = E7D161AE2D73BF8900B33FF7;
					};
				};
			};
			buildConfigurationList = E7D161AA2D73BF8900B33FF7 /* Build configuration list for PBXProject "Lab: Tutorial Screen" */;
			developmentRegion = en;
			hasScannedForEncodings = 0;
			knownRegions = (
				en,
				Base,
			);
			mainGroup = E7D161A62D73BF8900B33FF7;
			minimizedProjectReferenceProxies = 1;
			preferredProjectObjectVersion = 77;
			productRefGroup = E7D161B02D73BF8900B33FF7 /* Products */;
			projectDirPath = "";
			projectRoot = "";
			targets = (
				E7D161AE2D73BF8900B33FF7 /* Lab: Tutorial Screen */,
				E7D161C42D73BF8B00B33FF7 /* Lab: Tutorial ScreenTests */,
				E7D161CE2D73BF8B00B33FF7 /* Lab: Tutorial ScreenUITests */,
			);
		};
/* End PBXProject section */

/* Begin PBXResourcesBuildPhase section */
		E7D161AD2D73BF8900B33FF7 /* Resources */ = {
			isa = PBXResourcesBuildPhase;
			buildActionMask = 2147483647;
			files = (
			);
			runOnlyForDeploymentPostprocessing = 0;
		};
		E7D161C32D73BF8B00B33FF7 /* Resources */ = {
			isa = PBXResourcesBuildPhase;
			buildActionMask = 2147483647;
			files = (
			);
			runOnlyForDeploymentPostprocessing = 0;
		};
		E7D161CD2D73BF8B00B33FF7 /* Resources */ = {
			isa = PBXResourcesBuildPhase;
			buildActionMask = 2147483647;
			files = (
			);
			runOnlyForDeploymentPostprocessing = 0;
		};
/* End PBXResourcesBuildPhase section */

/* Begin PBXSourcesBuildPhase section */
		E7D161AB2D73BF8900B33FF7 /* Sources */ = {
			isa = PBXSourcesBuildPhase;
			buildActionMask = 2147483647;
			files = (
			);
			runOnlyForDeploymentPostprocessing = 0;
		};
		E7D161C12D73BF8B00B33FF7 /* Sources */ = {
			isa = PBXSourcesBuildPhase;
			buildActionMask = 2147483647;
			files = (
			);
			runOnlyForDeploymentPostprocessing = 0;
		};
		E7D161CB2D73BF8B00B33FF7 /* Sources */ = {
			isa = PBXSourcesBuildPhase;
			buildActionMask = 2147483647;
			files = (
			);
			runOnlyForDeploymentPostprocessing = 0;
		};
/* End PBXSourcesBuildPhase section */

/* Begin PBXTargetDependency section */
		E7D161C72D73BF8B00B33FF7 /* PBXTargetDependency */ = {
			isa = PBXTargetDependency;
			target = E7D161AE2D73BF8900B33FF7 /* Lab: Tutorial Screen */;
			targetProxy = E7D161C62D73BF8B00B33FF7 /* PBXContainerItemProxy */;
		};
		E7D161D12D73BF8B00B33FF7 /* PBXTargetDependency */ = {
			isa = PBXTargetDependency;
			target = E7D161AE2D73BF8900B33FF7 /* Lab: Tutorial Screen */;
			targetProxy = E7D161D02D73BF8B00B33FF7 /* PBXContainerItemProxy */;
		};
/* End PBXTargetDependency section */

/* Begin XCBuildConfiguration section */
		E7D161D92D73BF8B00B33FF7 /* Debug */ = {
			isa = XCBuildConfiguration;
			buildSettings = {
				ASSETCATALOG_COMPILER_APPICON_NAME = AppIcon;
				ASSETCATALOG_COMPILER_GLOBAL_ACCENT_COLOR_NAME = AccentColor;
				CODE_SIGN_STYLE = Automatic;
				CURRENT_PROJECT_VERSION = 1;
				GENERATE_INFOPLIST_FILE = YES;
				INFOPLIST_FILE = "Lab: Tutorial Screen/Info.plist";
				INFOPLIST_KEY_UIApplicationSupportsIndirectInputEvents = YES;
				INFOPLIST_KEY_UILaunchStoryboardName = LaunchScreen;
				INFOPLIST_KEY_UIMainStoryboardFile = Main;
				INFOPLIST_KEY_UISupportedInterfaceOrientations_iPad = "UIInterfaceOrientationPortrait UIInterfaceOrientationPortraitUpsideDown UIInterfaceOrientationLandscapeLeft UIInterfaceOrientationLandscapeRight";
				INFOPLIST_KEY_UISupportedInterfaceOrientations_iPhone = "UIInterfaceOrientationPortrait UIInterfaceOrientationLandscapeLeft UIInterfaceOrientationLandscapeRight";
				LD_RUNPATH_SEARCH_PATHS = (
					"$(inherited)",
					"@executable_path/Frameworks",
				);
				MARKETING_VERSION = 1.0;
				PRODUCT_BUNDLE_IDENTIFIER = "Michael-Davis.Lab--Tutorial-Screen";
				PRODUCT_NAME = "$(TARGET_NAME)";
				SWIFT_EMIT_LOC_STRINGS = YES;
				SWIFT_VERSION = 5.0;
				TARGETED_DEVICE_FAMILY = "1,2";
			};
			name = Debug;
		};
		E7D161DA2D73BF8B00B33FF7 /* Release */ = {
			isa = XCBuildConfiguration;
			buildSettings = {
				ASSETCATALOG_COMPILER_APPICON_NAME = AppIcon;
				ASSETCATALOG_COMPILER_GLOBAL_ACCENT_COLOR_NAME = AccentColor;
				CODE_SIGN_STYLE = Automatic;
				CURRENT_PROJECT_VERSION = 1;
				GENERATE_INFOPLIST_FILE = YES;
				INFOPLIST_FILE = "Lab: Tutorial Screen/Info.plist";
				INFOPLIST_KEY_UIApplicationSupportsIndirectInputEvents = YES;
				INFOPLIST_KEY_UILaunchStoryboardName = LaunchScreen;
				INFOPLIST_KEY_UIMainStoryboardFile = Main;
				INFOPLIST_KEY_UISupportedInterfaceOrientations_iPad = "UIInterfaceOrientationPortrait UIInterfaceOrientationPortraitUpsideDown UIInterfaceOrientationLandscapeLeft UIInterfaceOrientationLandscapeRight";
				INFOPLIST_KEY_UISupportedInterfaceOrientations_iPhone = "UIInterfaceOrientationPortrait UIInterfaceOrientationLandscapeLeft UIInterfaceOrientationLandscapeRight";
				LD_RUNPATH_SEARCH_PATHS = (
					"$(inherited)",
					"@executable_path/Frameworks",
				);
				MARKETING_VERSION = 1.0;
				PRODUCT_BUNDLE_IDENTIFIER = "Michael-Davis.Lab--Tutorial-Screen";
				PRODUCT_NAME = "$(TARGET_NAME)";
				SWIFT_EMIT_LOC_STRINGS = YES;
				SWIFT_VERSION = 5.0;
				TARGETED_DEVICE_FAMILY = "1,2";
			};
			name = Release;
		};
		E7D161DB2D73BF8B00B33FF7 /* Debug */ = {
			isa = XCBuildConfiguration;
			buildSettings = {
				ALWAYS_SEARCH_USER_PATHS = NO;
				ASSETCATALOG_COMPILER_GENERATE_SWIFT_ASSET_SYMBOL_EXTENSIONS = YES;
				CLANG_ANALYZER_NONNULL = YES;
				CLANG_ANALYZER_NUMBER_OBJECT_CONVERSION = YES_AGGRESSIVE;
				CLANG_CXX_LANGUAGE_STANDARD = "gnu++20";
				CLANG_ENABLE_MODULES = YES;
				CLANG_ENABLE_OBJC_ARC = YES;
				CLANG_ENABLE_OBJC_WEAK = YES;
				CLANG_WARN_BLOCK_CAPTURE_AUTORELEASING = YES;
				CLANG_WARN_BOOL_CONVERSION = YES;
				CLANG_WARN_COMMA = YES;
				CLANG_WARN_CONSTANT_CONVERSION = YES;
				CLANG_WARN_DEPRECATED_OBJC_IMPLEMENTATIONS = YES;
				CLANG_WARN_DIRECT_OBJC_ISA_USAGE = YES_ERROR;
				CLANG_WARN_DOCUMENTATION_COMMENTS = YES;
				CLANG_WARN_EMPTY_BODY = YES;
				CLANG_WARN_ENUM_CONVERSION = YES;
				CLANG_WARN_INFINITE_RECURSION = YES;
				CLANG_WARN_INT_CONVERSION = YES;
				CLANG_WARN_NON_LITERAL_NULL_CONVERSION = YES;
				CLANG_WARN_OBJC_IMPLICIT_RETAIN_SELF = YES;
				CLANG_WARN_OBJC_LITERAL_CONVERSION = YES;
				CLANG_WARN_OBJC_ROOT_CLASS = YES_ERROR;
				CLANG_WARN_QUOTED_INCLUDE_IN_FRAMEWORK_HEADER = YES;
				CLANG_WARN_RANGE_LOOP_ANALYSIS = YES;
				CLANG_WARN_STRICT_PROTOTYPES = YES;
				CLANG_WARN_SUSPICIOUS_MOVE = YES;
				CLANG_WARN_UNGUARDED_AVAILABILITY = YES_AGGRESSIVE;
				CLANG_WARN_UNREACHABLE_CODE = YES;
				CLANG_WARN__DUPLICATE_METHOD_MATCH = YES;
				COPY_PHASE_STRIP = NO;
				DEBUG_INFORMATION_FORMAT = dwarf;
				ENABLE_STRICT_OBJC_MSGSEND = YES;
				ENABLE_TESTABILITY = YES;
				ENABLE_USER_SCRIPT_SANDBOXING = YES;
				GCC_C_LANGUAGE_STANDARD = gnu17;
				GCC_DYNAMIC_NO_PIC = NO;
				GCC_NO_COMMON_BLOCKS = YES;
				GCC_OPTIMIZATION_LEVEL = 0;
				GCC_PREPROCESSOR_DEFINITIONS = (
					"DEBUG=1",
					"$(inherited)",
				);
				GCC_WARN_64_TO_32_BIT_CONVERSION = YES;
				GCC_WARN_ABOUT_RETURN_TYPE = YES_ERROR;
				GCC_WARN_UNDECLARED_SELECTOR = YES;
				GCC_WARN_UNINITIALIZED_AUTOS = YES_AGGRESSIVE;
				GCC_WARN_UNUSED_FUNCTION = YES;
				GCC_WARN_UNUSED_VARIABLE = YES;
				IPHONEOS_DEPLOYMENT_TARGET = 18.2;
				LOCALIZATION_PREFERS_STRING_CATALOGS = YES;
				MTL_ENABLE_DEBUG_INFO = INCLUDE_SOURCE;
				MTL_FAST_MATH = YES;
				ONLY_ACTIVE_ARCH = YES;
				SDKROOT = iphoneos;
				SWIFT_ACTIVE_COMPILATION_CONDITIONS = "DEBUG $(inherited)";
				SWIFT_OPTIMIZATION_LEVEL = "-Onone";
			};
			name = Debug;
		};
		E7D161DC2D73BF8B00B33FF7 /* Release */ = {
			isa = XCBuildConfiguration;
			buildSettings = {
				ALWAYS_SEARCH_USER_PATHS = NO;
				ASSETCATALOG_COMPILER_GENERATE_SWIFT_ASSET_SYMBOL_EXTENSIONS = YES;
				CLANG_ANALYZER_NONNULL = YES;
				CLANG_ANALYZER_NUMBER_OBJECT_CONVERSION = YES_AGGRESSIVE;
				CLANG_CXX_LANGUAGE_STANDARD = "gnu++20";
				CLANG_ENABLE_MODULES = YES;
				CLANG_ENABLE_OBJC_ARC = YES;
				CLANG_ENABLE_OBJC_WEAK = YES;
				CLANG_WARN_BLOCK_CAPTURE_AUTORELEASING = YES;
				CLANG_WARN_BOOL_CONVERSION = YES;
				CLANG_WARN_COMMA = YES;
				CLANG_WARN_CONSTANT_CONVERSION = YES;
				CLANG_WARN_DEPRECATED_OBJC_IMPLEMENTATIONS = YES;
				CLANG_WARN_DIRECT_OBJC_ISA_USAGE = YES_ERROR;
				CLANG_WARN_DOCUMENTATION_COMMENTS = YES;
				CLANG_WARN_EMPTY_BODY = YES;
				CLANG_WARN_ENUM_CONVERSION = YES;
				CLANG_WARN_INFINITE_RECURSION = YES;
				CLANG_WARN_INT_CONVERSION = YES;
				CLANG_WARN_NON_LITERAL_NULL_CONVERSION = YES;
				CLANG_WARN_OBJC_IMPLICIT_RETAIN_SELF = YES;
				CLANG_WARN_OBJC_LITERAL_CONVERSION = YES;
				CLANG_WARN_OBJC_ROOT_CLASS = YES_ERROR;
				CLANG_WARN_QUOTED_INCLUDE_IN_FRAMEWORK_HEADER = YES;
				CLANG_WARN_RANGE_LOOP_ANALYSIS = YES;
				CLANG_WARN_STRICT_PROTOTYPES = YES;
				CLANG_WARN_SUSPICIOUS_MOVE = YES;
				CLANG_WARN_UNGUARDED_AVAILABILITY = YES_AGGRESSIVE;
				CLANG_WARN_UNREACHABLE_CODE = YES;
				CLANG_WARN__DUPLICATE_METHOD_MATCH = YES;
				COPY_PHASE_STRIP = NO;
				DEBUG_INFORMATION_FORMAT = "dwarf-with-dsym";
				ENABLE_NS_ASSERTIONS = NO;
				ENABLE_STRICT_OBJC_MSGSEND = YES;
				ENABLE_USER_SCRIPT_SANDBOXING = YES;
				GCC_C_LANGUAGE_STANDARD = gnu17;
				GCC_NO_COMMON_BLOCKS = YES;
				GCC_WARN_64_TO_32_BIT_CONVERSION = YES;
				GCC_WARN_ABOUT_RETURN_TYPE = YES_ERROR;
				GCC_WARN_UNDECLARED_SELECTOR = YES;
				GCC_WARN_UNINITIALIZED_AUTOS = YES_AGGRESSIVE;
				GCC_WARN_UNUSED_FUNCTION = YES;
				GCC_WARN_UNUSED_VARIABLE = YES;
				IPHONEOS_DEPLOYMENT_TARGET = 18.2;
				LOCALIZATION_PREFERS_STRING_CATALOGS = YES;
				MTL_ENABLE_DEBUG_INFO = NO;
				MTL_FAST_MATH = YES;
				SDKROOT = iphoneos;
				SWIFT_COMPILATION_MODE = wholemodule;
				VALIDATE_PRODUCT = YES;
			};
			name = Release;
		};
		E7D161DE2D73BF8B00B33FF7 /* Debug */ = {
			isa = XCBuildConfiguration;
			buildSettings = {
				BUNDLE_LOADER = "$(TEST_HOST)";
				CODE_SIGN_STYLE = Automatic;
				CURRENT_PROJECT_VERSION = 1;
				GENERATE_INFOPLIST_FILE = YES;
				IPHONEOS_DEPLOYMENT_TARGET = 18.2;
				MARKETING_VERSION = 1.0;
				PRODUCT_BUNDLE_IDENTIFIER = "Michael-Davis.Lab--Tutorial-ScreenTests";
				PRODUCT_NAME = "$(TARGET_NAME)";
				SWIFT_EMIT_LOC_STRINGS = NO;
				SWIFT_VERSION = 5.0;
				TARGETED_DEVICE_FAMILY = "1,2";
				TEST_HOST = "$(BUILT_PRODUCTS_DIR)/Lab: Tutorial Screen.app/$(BUNDLE_EXECUTABLE_FOLDER_PATH)/Lab: Tutorial Screen";
			};
			name = Debug;
		};
		E7D161DF2D73BF8B00B33FF7 /* Release */ = {
			isa = XCBuildConfiguration;
			buildSettings = {
				BUNDLE_LOADER = "$(TEST_HOST)";
				CODE_SIGN_STYLE = Automatic;
				CURRENT_PROJECT_VERSION = 1;
				GENERATE_INFOPLIST_FILE = YES;
				IPHONEOS_DEPLOYMENT_TARGET = 18.2;
				MARKETING_VERSION = 1.0;
				PRODUCT_BUNDLE_IDENTIFIER = "Michael-Davis.Lab--Tutorial-ScreenTests";
				PRODUCT_NAME = "$(TARGET_NAME)";
				SWIFT_EMIT_LOC_STRINGS = NO;
				SWIFT_VERSION = 5.0;
				TARGETED_DEVICE_FAMILY = "1,2";
				TEST_HOST = "$(BUILT_PRODUCTS_DIR)/Lab: Tutorial Screen.app/$(BUNDLE_EXECUTABLE_FOLDER_PATH)/Lab: Tutorial Screen";
			};
			name = Release;
		};
		E7D161E12D73BF8B00B33FF7 /* Debug */ = {
			isa = XCBuildConfiguration;
			buildSettings = {
				CODE_SIGN_STYLE = Automatic;
				CURRENT_PROJECT_VERSION = 1;
				GENERATE_INFOPLIST_FILE = YES;
				MARKETING_VERSION = 1.0;
				PRODUCT_BUNDLE_IDENTIFIER = "Michael-Davis.Lab--Tutorial-ScreenUITests";
				PRODUCT_NAME = "$(TARGET_NAME)";
				SWIFT_EMIT_LOC_STRINGS = NO;
				SWIFT_VERSION = 5.0;
				TARGETED_DEVICE_FAMILY = "1,2";
				TEST_TARGET_NAME = "Lab: Tutorial Screen";
			};
			name = Debug;
		};
		E7D161E22D73BF8B00B33FF7 /* Release */ = {
			isa = XCBuildConfiguration;
			buildSettings = {
				CODE_SIGN_STYLE = Automatic;
				CURRENT_PROJECT_VERSION = 1;
				GENERATE_INFOPLIST_FILE = YES;
				MARKETING_VERSION = 1.0;
				PRODUCT_BUNDLE_IDENTIFIER = "Michael-Davis.Lab--Tutorial-ScreenUITests";
				PRODUCT_NAME = "$(TARGET_NAME)";
				SWIFT_EMIT_LOC_STRINGS = NO;
				SWIFT_VERSION = 5.0;
				TARGETED_DEVICE_FAMILY = "1,2";
				TEST_TARGET_NAME = "Lab: Tutorial Screen";
			};
			name = Release;
		};
/* End XCBuildConfiguration section */

/* Begin XCConfigurationList section */
		E7D161AA2D73BF8900B33FF7 /* Build configuration list for PBXProject "Lab: Tutorial Screen" */ = {
			isa = XCConfigurationList;
			buildConfigurations = (
				E7D161DB2D73BF8B00B33FF7 /* Debug */,
				E7D161DC2D73BF8B00B33FF7 /* Release */,
			);
			defaultConfigurationIsVisible = 0;
			defaultConfigurationName = Release;
		};
		E7D161D82D73BF8B00B33FF7 /* Build configuration list for PBXNativeTarget "Lab: Tutorial Screen" */ = {
			isa = XCConfigurationList;
			buildConfigurations = (
				E7D161D92D73BF8B00B33FF7 /* Debug */,
				E7D161DA2D73BF8B00B33FF7 /* Release */,
			);
			defaultConfigurationIsVisible = 0;
			defaultConfigurationName = Release;
		};
		E7D161DD2D73BF8B00B33FF7 /* Build configuration list for PBXNativeTarget "Lab: Tutorial ScreenTests" */ = {
			isa = XCConfigurationList;
			buildConfigurations = (
				E7D161DE2D73BF8B00B33FF7 /* Debug */,
				E7D161DF2D73BF8B00B33FF7 /* Release */,
			);
			defaultConfigurationIsVisible = 0;
			defaultConfigurationName = Release;
		};
		E7D161E02D73BF8B00B33FF7 /* Build configuration list for PBXNativeTarget "Lab: Tutorial ScreenUITests" */ = {
			isa = XCConfigurationList;
			buildConfigurations = (
				E7D161E12D73BF8B00B33FF7 /* Debug */,
				E7D161E22D73BF8B00B33FF7 /* Release */,
			);
			defaultConfigurationIsVisible = 0;
			defaultConfigurationName = Release;
		};
/* End XCConfigurationList section */
	};
	rootObject = E7D161A72D73BF8900B33FF7 /* Project object */;
}
