// !$*UTF8*$!
{
	archiveVersion = 1;
	classes = {
	};
	objectVersion = 77;
	objects = {

/* Begin PBXContainerItemProxy section */
		E7FF77372D51AACE00EBBB1F /* PBXContainerItemProxy */ = {
			isa = PBXContainerItemProxy;
			containerPortal = E7FF77182D51AACB00EBBB1F /* Project object */;
			proxyType = 1;
			remoteGlobalIDString = E7FF771F2D51AACB00EBBB1F;
			remoteInfo = "Guided Project_ Light";
		};
		E7FF77412D51AACE00EBBB1F /* PBXContainerItemProxy */ = {
			isa = PBXContainerItemProxy;
			containerPortal = E7FF77182D51AACB00EBBB1F /* Project object */;
			proxyType = 1;
			remoteGlobalIDString = E7FF771F2D51AACB00EBBB1F;
			remoteInfo = "Guided Project_ Light";
		};
/* End PBXContainerItemProxy section */

/* Begin PBXFileReference section */
		E7FF77202D51AACB00EBBB1F /* Guided Project_ Light.app */ = {isa = PBXFileReference; explicitFileType = wrapper.application; includeInIndex = 0; path = "Guided Project_ Light.app"; sourceTree = BUILT_PRODUCTS_DIR; };
		E7FF77362D51AACE00EBBB1F /* Guided Project_ LightTests.xctest */ = {isa = PBXFileReference; explicitFileType = wrapper.cfbundle; includeInIndex = 0; path = "Guided Project_ LightTests.xctest"; sourceTree = BUILT_PRODUCTS_DIR; };
		E7FF77402D51AACE00EBBB1F /* Guided Project_ LightUITests.xctest */ = {isa = PBXFileReference; explicitFileType = wrapper.cfbundle; includeInIndex = 0; path = "Guided Project_ LightUITests.xctest"; sourceTree = BUILT_PRODUCTS_DIR; };
/* End PBXFileReference section */

/* Begin PBXFileSystemSynchronizedBuildFileExceptionSet section */
		E7FF77482D51AACE00EBBB1F /* Exceptions for "Guided Project_ Light" folder in "Guided Project_ Light" target */ = {
			isa = PBXFileSystemSynchronizedBuildFileExceptionSet;
			membershipExceptions = (
				Info.plist,
			);
			target = E7FF771F2D51AACB00EBBB1F /* Guided Project_ Light */;
		};
/* End PBXFileSystemSynchronizedBuildFileExceptionSet section */

/* Begin PBXFileSystemSynchronizedRootGroup section */
		E7FF77222D51AACB00EBBB1F /* Guided Project_ Light */ = {
			isa = PBXFileSystemSynchronizedRootGroup;
			exceptions = (
				E7FF77482D51AACE00EBBB1F /* Exceptions for "Guided Project_ Light" folder in "Guided Project_ Light" target */,
			);
			path = "Guided Project_ Light";
			sourceTree = "<group>";
		};
		E7FF77392D51AACE00EBBB1F /* Guided Project_ LightTests */ = {
			isa = PBXFileSystemSynchronizedRootGroup;
			path = "Guided Project_ LightTests";
			sourceTree = "<group>";
		};
		E7FF77432D51AACE00EBBB1F /* Guided Project_ LightUITests */ = {
			isa = PBXFileSystemSynchronizedRootGroup;
			path = "Guided Project_ LightUITests";
			sourceTree = "<group>";
		};
/* End PBXFileSystemSynchronizedRootGroup section */

/* Begin PBXFrameworksBuildPhase section */
		E7FF771D2D51AACB00EBBB1F /* Frameworks */ = {
			isa = PBXFrameworksBuildPhase;
			buildActionMask = 2147483647;
			files = (
			);
			runOnlyForDeploymentPostprocessing = 0;
		};
		E7FF77332D51AACE00EBBB1F /* Frameworks */ = {
			isa = PBXFrameworksBuildPhase;
			buildActionMask = 2147483647;
			files = (
			);
			runOnlyForDeploymentPostprocessing = 0;
		};
		E7FF773D2D51AACE00EBBB1F /* Frameworks */ = {
			isa = PBXFrameworksBuildPhase;
			buildActionMask = 2147483647;
			files = (
			);
			runOnlyForDeploymentPostprocessing = 0;
		};
/* End PBXFrameworksBuildPhase section */

/* Begin PBXGroup section */
		E7FF77172D51AACB00EBBB1F = {
			isa = PBXGroup;
			children = (
				E7FF77222D51AACB00EBBB1F /* Guided Project_ Light */,
				E7FF77392D51AACE00EBBB1F /* Guided Project_ LightTests */,
				E7FF77432D51AACE00EBBB1F /* Guided Project_ LightUITests */,
				E7FF77212D51AACB00EBBB1F /* Products */,
			);
			sourceTree = "<group>";
		};
		E7FF77212D51AACB00EBBB1F /* Products */ = {
			isa = PBXGroup;
			children = (
				E7FF77202D51AACB00EBBB1F /* Guided Project_ Light.app */,
				E7FF77362D51AACE00EBBB1F /* Guided Project_ LightTests.xctest */,
				E7FF77402D51AACE00EBBB1F /* Guided Project_ LightUITests.xctest */,
			);
			name = Products;
			sourceTree = "<group>";
		};
/* End PBXGroup section */

/* Begin PBXNativeTarget section */
		E7FF771F2D51AACB00EBBB1F /* Guided Project_ Light */ = {
			isa = PBXNativeTarget;
			buildConfigurationList = E7FF77492D51AACE00EBBB1F /* Build configuration list for PBXNativeTarget "Guided Project_ Light" */;
			buildPhases = (
				E7FF771C2D51AACB00EBBB1F /* Sources */,
				E7FF771D2D51AACB00EBBB1F /* Frameworks */,
				E7FF771E2D51AACB00EBBB1F /* Resources */,
			);
			buildRules = (
			);
			dependencies = (
			);
			fileSystemSynchronizedGroups = (
				E7FF77222D51AACB00EBBB1F /* Guided Project_ Light */,
			);
			name = "Guided Project_ Light";
			packageProductDependencies = (
			);
			productName = "Guided Project_ Light";
			productReference = E7FF77202D51AACB00EBBB1F /* Guided Project_ Light.app */;
			productType = "com.apple.product-type.application";
		};
		E7FF77352D51AACE00EBBB1F /* Guided Project_ LightTests */ = {
			isa = PBXNativeTarget;
			buildConfigurationList = E7FF774E2D51AACE00EBBB1F /* Build configuration list for PBXNativeTarget "Guided Project_ LightTests" */;
			buildPhases = (
				E7FF77322D51AACE00EBBB1F /* Sources */,
				E7FF77332D51AACE00EBBB1F /* Frameworks */,
				E7FF77342D51AACE00EBBB1F /* Resources */,
			);
			buildRules = (
			);
			dependencies = (
				E7FF77382D51AACE00EBBB1F /* PBXTargetDependency */,
			);
			fileSystemSynchronizedGroups = (
				E7FF77392D51AACE00EBBB1F /* Guided Project_ LightTests */,
			);
			name = "Guided Project_ LightTests";
			packageProductDependencies = (
			);
			productName = "Guided Project_ LightTests";
			productReference = E7FF77362D51AACE00EBBB1F /* Guided Project_ LightTests.xctest */;
			productType = "com.apple.product-type.bundle.unit-test";
		};
		E7FF773F2D51AACE00EBBB1F /* Guided Project_ LightUITests */ = {
			isa = PBXNativeTarget;
			buildConfigurationList = E7FF77512D51AACE00EBBB1F /* Build configuration list for PBXNativeTarget "Guided Project_ LightUITests" */;
			buildPhases = (
				E7FF773C2D51AACE00EBBB1F /* Sources */,
				E7FF773D2D51AACE00EBBB1F /* Frameworks */,
				E7FF773E2D51AACE00EBBB1F /* Resources */,
			);
			buildRules = (
			);
			dependencies = (
				E7FF77422D51AACE00EBBB1F /* PBXTargetDependency */,
			);
			fileSystemSynchronizedGroups = (
				E7FF77432D51AACE00EBBB1F /* Guided Project_ LightUITests */,
			);
			name = "Guided Project_ LightUITests";
			packageProductDependencies = (
			);
			productName = "Guided Project_ LightUITests";
			productReference = E7FF77402D51AACE00EBBB1F /* Guided Project_ LightUITests.xctest */;
			productType = "com.apple.product-type.bundle.ui-testing";
		};
/* End PBXNativeTarget section */

/* Begin PBXProject section */
		E7FF77182D51AACB00EBBB1F /* Project object */ = {
			isa = PBXProject;
			attributes = {
				BuildIndependentTargetsInParallel = 1;
				LastSwiftUpdateCheck = 1620;
				LastUpgradeCheck = 1620;
				TargetAttributes = {
					E7FF771F2D51AACB00EBBB1F = {
						CreatedOnToolsVersion = 16.2;
					};
					E7FF77352D51AACE00EBBB1F = {
						CreatedOnToolsVersion = 16.2;
						TestTargetID = E7FF771F2D51AACB00EBBB1F;
					};
					E7FF773F2D51AACE00EBBB1F = {
						CreatedOnToolsVersion = 16.2;
						TestTargetID = E7FF771F2D51AACB00EBBB1F;
					};
				};
			};
			buildConfigurationList = E7FF771B2D51AACB00EBBB1F /* Build configuration list for PBXProject "Guided Project_ Light" */;
			developmentRegion = en;
			hasScannedForEncodings = 0;
			knownRegions = (
				en,
				Base,
			);
			mainGroup = E7FF77172D51AACB00EBBB1F;
			minimizedProjectReferenceProxies = 1;
			preferredProjectObjectVersion = 77;
			productRefGroup = E7FF77212D51AACB00EBBB1F /* Products */;
			projectDirPath = "";
			projectRoot = "";
			targets = (
				E7FF771F2D51AACB00EBBB1F /* Guided Project_ Light */,
				E7FF77352D51AACE00EBBB1F /* Guided Project_ LightTests */,
				E7FF773F2D51AACE00EBBB1F /* Guided Project_ LightUITests */,
			);
		};
/* End PBXProject section */

/* Begin PBXResourcesBuildPhase section */
		E7FF771E2D51AACB00EBBB1F /* Resources */ = {
			isa = PBXResourcesBuildPhase;
			buildActionMask = 2147483647;
			files = (
			);
			runOnlyForDeploymentPostprocessing = 0;
		};
		E7FF77342D51AACE00EBBB1F /* Resources */ = {
			isa = PBXResourcesBuildPhase;
			buildActionMask = 2147483647;
			files = (
			);
			runOnlyForDeploymentPostprocessing = 0;
		};
		E7FF773E2D51AACE00EBBB1F /* Resources */ = {
			isa = PBXResourcesBuildPhase;
			buildActionMask = 2147483647;
			files = (
			);
			runOnlyForDeploymentPostprocessing = 0;
		};
/* End PBXResourcesBuildPhase section */

/* Begin PBXSourcesBuildPhase section */
		E7FF771C2D51AACB00EBBB1F /* Sources */ = {
			isa = PBXSourcesBuildPhase;
			buildActionMask = 2147483647;
			files = (
			);
			runOnlyForDeploymentPostprocessing = 0;
		};
		E7FF77322D51AACE00EBBB1F /* Sources */ = {
			isa = PBXSourcesBuildPhase;
			buildActionMask = 2147483647;
			files = (
			);
			runOnlyForDeploymentPostprocessing = 0;
		};
		E7FF773C2D51AACE00EBBB1F /* Sources */ = {
			isa = PBXSourcesBuildPhase;
			buildActionMask = 2147483647;
			files = (
			);
			runOnlyForDeploymentPostprocessing = 0;
		};
/* End PBXSourcesBuildPhase section */

/* Begin PBXTargetDependency section */
		E7FF77382D51AACE00EBBB1F /* PBXTargetDependency */ = {
			isa = PBXTargetDependency;
			target = E7FF771F2D51AACB00EBBB1F /* Guided Project_ Light */;
			targetProxy = E7FF77372D51AACE00EBBB1F /* PBXContainerItemProxy */;
		};
		E7FF77422D51AACE00EBBB1F /* PBXTargetDependency */ = {
			isa = PBXTargetDependency;
			target = E7FF771F2D51AACB00EBBB1F /* Guided Project_ Light */;
			targetProxy = E7FF77412D51AACE00EBBB1F /* PBXContainerItemProxy */;
		};
/* End PBXTargetDependency section */

/* Begin XCBuildConfiguration section */
		E7FF774A2D51AACE00EBBB1F /* Debug */ = {
			isa = XCBuildConfiguration;
			buildSettings = {
				ASSETCATALOG_COMPILER_APPICON_NAME = AppIcon;
				ASSETCATALOG_COMPILER_GLOBAL_ACCENT_COLOR_NAME = AccentColor;
				CODE_SIGN_STYLE = Automatic;
				CURRENT_PROJECT_VERSION = 1;
				GENERATE_INFOPLIST_FILE = YES;
				INFOPLIST_FILE = "Guided Project_ Light/Info.plist";
				INFOPLIST_KEY_UIApplicationSupportsIndirectInputEvents = YES;
				INFOPLIST_KEY_UILaunchStoryboardName = LaunchScreen;
				INFOPLIST_KEY_UIMainStoryboardFile = Main;
				INFOPLIST_KEY_UISupportedInterfaceOrientations_iPad = "UIInterfaceOrientationPortrait UIInterfaceOrientationPortraitUpsideDown UIInterfaceOrientationLandscapeLeft UIInterfaceOrientationLandscapeRight";
				INFOPLIST_KEY_UISupportedInterfaceOrientations_iPhone = "UIInterfaceOrientationPortrait UIInterfaceOrientationLandscapeLeft UIInterfaceOrientationLandscapeRight";
				LD_RUNPATH_SEARCH_PATHS = (
					"$(inherited)",
					"@executable_path/Frameworks",
				);
				MARKETING_VERSION = 1.0;
				PRODUCT_BUNDLE_IDENTIFIER = "Student.Guided-Project--Light";
				PRODUCT_NAME = "$(TARGET_NAME)";
				SWIFT_EMIT_LOC_STRINGS = YES;
				SWIFT_VERSION = 5.0;
				TARGETED_DEVICE_FAMILY = "1,2";
			};
			name = Debug;
		};
		E7FF774B2D51AACE00EBBB1F /* Release */ = {
			isa = XCBuildConfiguration;
			buildSettings = {
				ASSETCATALOG_COMPILER_APPICON_NAME = AppIcon;
				ASSETCATALOG_COMPILER_GLOBAL_ACCENT_COLOR_NAME = AccentColor;
				CODE_SIGN_STYLE = Automatic;
				CURRENT_PROJECT_VERSION = 1;
				GENERATE_INFOPLIST_FILE = YES;
				INFOPLIST_FILE = "Guided Project_ Light/Info.plist";
				INFOPLIST_KEY_UIApplicationSupportsIndirectInputEvents = YES;
				INFOPLIST_KEY_UILaunchStoryboardName = LaunchScreen;
				INFOPLIST_KEY_UIMainStoryboardFile = Main;
				INFOPLIST_KEY_UISupportedInterfaceOrientations_iPad = "UIInterfaceOrientationPortrait UIInterfaceOrientationPortraitUpsideDown UIInterfaceOrientationLandscapeLeft UIInterfaceOrientationLandscapeRight";
				INFOPLIST_KEY_UISupportedInterfaceOrientations_iPhone = "UIInterfaceOrientationPortrait UIInterfaceOrientationLandscapeLeft UIInterfaceOrientationLandscapeRight";
				LD_RUNPATH_SEARCH_PATHS = (
					"$(inherited)",
					"@executable_path/Frameworks",
				);
				MARKETING_VERSION = 1.0;
				PRODUCT_BUNDLE_IDENTIFIER = "Student.Guided-Project--Light";
				PRODUCT_NAME = "$(TARGET_NAME)";
				SWIFT_EMIT_LOC_STRINGS = YES;
				SWIFT_VERSION = 5.0;
				TARGETED_DEVICE_FAMILY = "1,2";
			};
			name = Release;
		};
		E7FF774C2D51AACE00EBBB1F /* Debug */ = {
			isa = XCBuildConfiguration;
			buildSettings = {
				ALWAYS_SEARCH_USER_PATHS = NO;
				ASSETCATALOG_COMPILER_GENERATE_SWIFT_ASSET_SYMBOL_EXTENSIONS = YES;
				CLANG_ANALYZER_NONNULL = YES;
				CLANG_ANALYZER_NUMBER_OBJECT_CONVERSION = YES_AGGRESSIVE;
				CLANG_CXX_LANGUAGE_STANDARD = "gnu++20";
				CLANG_ENABLE_MODULES = YES;
				CLANG_ENABLE_OBJC_ARC = YES;
				CLANG_ENABLE_OBJC_WEAK = YES;
				CLANG_WARN_BLOCK_CAPTURE_AUTORELEASING = YES;
				CLANG_WARN_BOOL_CONVERSION = YES;
				CLANG_WARN_COMMA = YES;
				CLANG_WARN_CONSTANT_CONVERSION = YES;
				CLANG_WARN_DEPRECATED_OBJC_IMPLEMENTATIONS = YES;
				CLANG_WARN_DIRECT_OBJC_ISA_USAGE = YES_ERROR;
				CLANG_WARN_DOCUMENTATION_COMMENTS = YES;
				CLANG_WARN_EMPTY_BODY = YES;
				CLANG_WARN_ENUM_CONVERSION = YES;
				CLANG_WARN_INFINITE_RECURSION = YES;
				CLANG_WARN_INT_CONVERSION = YES;
				CLANG_WARN_NON_LITERAL_NULL_CONVERSION = YES;
				CLANG_WARN_OBJC_IMPLICIT_RETAIN_SELF = YES;
				CLANG_WARN_OBJC_LITERAL_CONVERSION = YES;
				CLANG_WARN_OBJC_ROOT_CLASS = YES_ERROR;
				CLANG_WARN_QUOTED_INCLUDE_IN_FRAMEWORK_HEADER = YES;
				CLANG_WARN_RANGE_LOOP_ANALYSIS = YES;
				CLANG_WARN_STRICT_PROTOTYPES = YES;
				CLANG_WARN_SUSPICIOUS_MOVE = YES;
				CLANG_WARN_UNGUARDED_AVAILABILITY = YES_AGGRESSIVE;
				CLANG_WARN_UNREACHABLE_CODE = YES;
				CLANG_WARN__DUPLICATE_METHOD_MATCH = YES;
				COPY_PHASE_STRIP = NO;
				DEBUG_INFORMATION_FORMAT = dwarf;
				ENABLE_STRICT_OBJC_MSGSEND = YES;
				ENABLE_TESTABILITY = YES;
				ENABLE_USER_SCRIPT_SANDBOXING = YES;
				GCC_C_LANGUAGE_STANDARD = gnu17;
				GCC_DYNAMIC_NO_PIC = NO;
				GCC_NO_COMMON_BLOCKS = YES;
				GCC_OPTIMIZATION_LEVEL = 0;
				GCC_PREPROCESSOR_DEFINITIONS = (
					"DEBUG=1",
					"$(inherited)",
				);
				GCC_WARN_64_TO_32_BIT_CONVERSION = YES;
				GCC_WARN_ABOUT_RETURN_TYPE = YES_ERROR;
				GCC_WARN_UNDECLARED_SELECTOR = YES;
				GCC_WARN_UNINITIALIZED_AUTOS = YES_AGGRESSIVE;
				GCC_WARN_UNUSED_FUNCTION = YES;
				GCC_WARN_UNUSED_VARIABLE = YES;
				IPHONEOS_DEPLOYMENT_TARGET = 18.2;
				LOCALIZATION_PREFERS_STRING_CATALOGS = YES;
				MTL_ENABLE_DEBUG_INFO = INCLUDE_SOURCE;
				MTL_FAST_MATH = YES;
				ONLY_ACTIVE_ARCH = YES;
				SDKROOT = iphoneos;
				SWIFT_ACTIVE_COMPILATION_CONDITIONS = "DEBUG $(inherited)";
				SWIFT_OPTIMIZATION_LEVEL = "-Onone";
			};
			name = Debug;
		};
		E7FF774D2D51AACE00EBBB1F /* Release */ = {
			isa = XCBuildConfiguration;
			buildSettings = {
				ALWAYS_SEARCH_USER_PATHS = NO;
				ASSETCATALOG_COMPILER_GENERATE_SWIFT_ASSET_SYMBOL_EXTENSIONS = YES;
				CLANG_ANALYZER_NONNULL = YES;
				CLANG_ANALYZER_NUMBER_OBJECT_CONVERSION = YES_AGGRESSIVE;
				CLANG_CXX_LANGUAGE_STANDARD = "gnu++20";
				CLANG_ENABLE_MODULES = YES;
				CLANG_ENABLE_OBJC_ARC = YES;
				CLANG_ENABLE_OBJC_WEAK = YES;
				CLANG_WARN_BLOCK_CAPTURE_AUTORELEASING = YES;
				CLANG_WARN_BOOL_CONVERSION = YES;
				CLANG_WARN_COMMA = YES;
				CLANG_WARN_CONSTANT_CONVERSION = YES;
				CLANG_WARN_DEPRECATED_OBJC_IMPLEMENTATIONS = YES;
				CLANG_WARN_DIRECT_OBJC_ISA_USAGE = YES_ERROR;
				CLANG_WARN_DOCUMENTATION_COMMENTS = YES;
				CLANG_WARN_EMPTY_BODY = YES;
				CLANG_WARN_ENUM_CONVERSION = YES;
				CLANG_WARN_INFINITE_RECURSION = YES;
				CLANG_WARN_INT_CONVERSION = YES;
				CLANG_WARN_NON_LITERAL_NULL_CONVERSION = YES;
				CLANG_WARN_OBJC_IMPLICIT_RETAIN_SELF = YES;
				CLANG_WARN_OBJC_LITERAL_CONVERSION = YES;
				CLANG_WARN_OBJC_ROOT_CLASS = YES_ERROR;
				CLANG_WARN_QUOTED_INCLUDE_IN_FRAMEWORK_HEADER = YES;
				CLANG_WARN_RANGE_LOOP_ANALYSIS = YES;
				CLANG_WARN_STRICT_PROTOTYPES = YES;
				CLANG_WARN_SUSPICIOUS_MOVE = YES;
				CLANG_WARN_UNGUARDED_AVAILABILITY = YES_AGGRESSIVE;
				CLANG_WARN_UNREACHABLE_CODE = YES;
				CLANG_WARN__DUPLICATE_METHOD_MATCH = YES;
				COPY_PHASE_STRIP = NO;
				DEBUG_INFORMATION_FORMAT = "dwarf-with-dsym";
				ENABLE_NS_ASSERTIONS = NO;
				ENABLE_STRICT_OBJC_MSGSEND = YES;
				ENABLE_USER_SCRIPT_SANDBOXING = YES;
				GCC_C_LANGUAGE_STANDARD = gnu17;
				GCC_NO_COMMON_BLOCKS = YES;
				GCC_WARN_64_TO_32_BIT_CONVERSION = YES;
				GCC_WARN_ABOUT_RETURN_TYPE = YES_ERROR;
				GCC_WARN_UNDECLARED_SELECTOR = YES;
				GCC_WARN_UNINITIALIZED_AUTOS = YES_AGGRESSIVE;
				GCC_WARN_UNUSED_FUNCTION = YES;
				GCC_WARN_UNUSED_VARIABLE = YES;
				IPHONEOS_DEPLOYMENT_TARGET = 18.2;
				LOCALIZATION_PREFERS_STRING_CATALOGS = YES;
				MTL_ENABLE_DEBUG_INFO = NO;
				MTL_FAST_MATH = YES;
				SDKROOT = iphoneos;
				SWIFT_COMPILATION_MODE = wholemodule;
				VALIDATE_PRODUCT = YES;
			};
			name = Release;
		};
		E7FF774F2D51AACE00EBBB1F /* Debug */ = {
			isa = XCBuildConfiguration;
			buildSettings = {
				BUNDLE_LOADER = "$(TEST_HOST)";
				CODE_SIGN_STYLE = Automatic;
				CURRENT_PROJECT_VERSION = 1;
				GENERATE_INFOPLIST_FILE = YES;
				IPHONEOS_DEPLOYMENT_TARGET = 18.2;
				MARKETING_VERSION = 1.0;
				PRODUCT_BUNDLE_IDENTIFIER = "Student.Guided-Project--LightTests";
				PRODUCT_NAME = "$(TARGET_NAME)";
				SWIFT_EMIT_LOC_STRINGS = NO;
				SWIFT_VERSION = 5.0;
				TARGETED_DEVICE_FAMILY = "1,2";
				TEST_HOST = "$(BUILT_PRODUCTS_DIR)/Guided Project_ Light.app/$(BUNDLE_EXECUTABLE_FOLDER_PATH)/Guided Project_ Light";
			};
			name = Debug;
		};
		E7FF77502D51AACE00EBBB1F /* Release */ = {
			isa = XCBuildConfiguration;
			buildSettings = {
				BUNDLE_LOADER = "$(TEST_HOST)";
				CODE_SIGN_STYLE = Automatic;
				CURRENT_PROJECT_VERSION = 1;
				GENERATE_INFOPLIST_FILE = YES;
				IPHONEOS_DEPLOYMENT_TARGET = 18.2;
				MARKETING_VERSION = 1.0;
				PRODUCT_BUNDLE_IDENTIFIER = "Student.Guided-Project--LightTests";
				PRODUCT_NAME = "$(TARGET_NAME)";
				SWIFT_EMIT_LOC_STRINGS = NO;
				SWIFT_VERSION = 5.0;
				TARGETED_DEVICE_FAMILY = "1,2";
				TEST_HOST = "$(BUILT_PRODUCTS_DIR)/Guided Project_ Light.app/$(BUNDLE_EXECUTABLE_FOLDER_PATH)/Guided Project_ Light";
			};
			name = Release;
		};
		E7FF77522D51AACE00EBBB1F /* Debug */ = {
			isa = XCBuildConfiguration;
			buildSettings = {
				CODE_SIGN_STYLE = Automatic;
				CURRENT_PROJECT_VERSION = 1;
				GENERATE_INFOPLIST_FILE = YES;
				MARKETING_VERSION = 1.0;
				PRODUCT_BUNDLE_IDENTIFIER = "Student.Guided-Project--LightUITests";
				PRODUCT_NAME = "$(TARGET_NAME)";
				SWIFT_EMIT_LOC_STRINGS = NO;
				SWIFT_VERSION = 5.0;
				TARGETED_DEVICE_FAMILY = "1,2";
				TEST_TARGET_NAME = "Guided Project_ Light";
			};
			name = Debug;
		};
		E7FF77532D51AACE00EBBB1F /* Release */ = {
			isa = XCBuildConfiguration;
			buildSettings = {
				CODE_SIGN_STYLE = Automatic;
				CURRENT_PROJECT_VERSION = 1;
				GENERATE_INFOPLIST_FILE = YES;
				MARKETING_VERSION = 1.0;
				PRODUCT_BUNDLE_IDENTIFIER = "Student.Guided-Project--LightUITests";
				PRODUCT_NAME = "$(TARGET_NAME)";
				SWIFT_EMIT_LOC_STRINGS = NO;
				SWIFT_VERSION = 5.0;
				TARGETED_DEVICE_FAMILY = "1,2";
				TEST_TARGET_NAME = "Guided Project_ Light";
			};
			name = Release;
		};
/* End XCBuildConfiguration section */

/* Begin XCConfigurationList section */
		E7FF771B2D51AACB00EBBB1F /* Build configuration list for PBXProject "Guided Project_ Light" */ = {
			isa = XCConfigurationList;
			buildConfigurations = (
				E7FF774C2D51AACE00EBBB1F /* Debug */,
				E7FF774D2D51AACE00EBBB1F /* Release */,
			);
			defaultConfigurationIsVisible = 0;
			defaultConfigurationName = Release;
		};
		E7FF77492D51AACE00EBBB1F /* Build configuration list for PBXNativeTarget "Guided Project_ Light" */ = {
			isa = XCConfigurationList;
			buildConfigurations = (
				E7FF774A2D51AACE00EBBB1F /* Debug */,
				E7FF774B2D51AACE00EBBB1F /* Release */,
			);
			defaultConfigurationIsVisible = 0;
			defaultConfigurationName = Release;
		};
		E7FF774E2D51AACE00EBBB1F /* Build configuration list for PBXNativeTarget "Guided Project_ LightTests" */ = {
			isa = XCConfigurationList;
			buildConfigurations = (
				E7FF774F2D51AACE00EBBB1F /* Debug */,
				E7FF77502D51AACE00EBBB1F /* Release */,
			);
			defaultConfigurationIsVisible = 0;
			defaultConfigurationName = Release;
		};
		E7FF77512D51AACE00EBBB1F /* Build configuration list for PBXNativeTarget "Guided Project_ LightUITests" */ = {
			isa = XCConfigurationList;
			buildConfigurations = (
				E7FF77522D51AACE00EBBB1F /* Debug */,
				E7FF77532D51AACE00EBBB1F /* Release */,
			);
			defaultConfigurationIsVisible = 0;
			defaultConfigurationName = Release;
		};
/* End XCConfigurationList section */
	};
	rootObject = E7FF77182D51AACB00EBBB1F /* Project object */;
}
